
Microsoft Visual Studio Solution File, Format Version 12.00
# Visual Studio Version 16
VisualStudioVersion = 16.0.29806.167
MinimumVisualStudioVersion = 10.0.40219.1
Project("{9A19103F-16F7-4668-BE54-9A1E7A4F7556}") = "SmartXmlSql", "SmartXmlSql\SmartXmlSql.csproj", "{AB1E46A5-E2F4-4B69-A55F-387BA1E269C3}"
EndProject
Project("{9A19103F-16F7-4668-BE54-9A1E7A4F7556}") = "ConsoleApp1", "ConsoleApp1\ConsoleApp1.csproj", "{9B0C11D0-827F-4126-BE3F-106E718649F5}"
EndProject
Project("{FAE04EC0-301F-11D3-BF4B-00C04F79EFBC}") = "ConsoleApp2", "ConsoleApp2\ConsoleApp2.csproj", "{ABD9F9A3-484D-485D-9378-7634CA8AF1AD}"
EndProject
Project("{FAE04EC0-301F-11D3-BF4B-00C04F79EFBC}") = "SmartXmlSqlCore", "SmartXmlSqlCore\SmartXmlSqlCore.csproj", "{C401E652-F7F8-4FBF-A930-83A228DBF192}"
EndProject
Global
	GlobalSection(SolutionConfigurationPlatforms) = preSolution
		Debug|Any CPU = Debug|Any CPU
		Release|Any CPU = Release|Any CPU
	EndGlobalSection
	GlobalSection(ProjectConfigurationPlatforms) = postSolution
		{AB1E46A5-E2F4-4B69-A55F-387BA1E269C3}.Debug|Any CPU.ActiveCfg = Debug|Any CPU
		{AB1E46A5-E2F4-4B69-A55F-387BA1E269C3}.Debug|Any CPU.Build.0 = Debug|Any CPU
		{AB1E46A5-E2F4-4B69-A55F-387BA1E269C3}.Release|Any CPU.ActiveCfg = Release|Any CPU
		{AB1E46A5-E2F4-4B69-A55F-387BA1E269C3}.Release|Any CPU.Build.0 = Release|Any CPU
		{9B0C11D0-827F-4126-BE3F-106E718649F5}.Debug|Any CPU.ActiveCfg = Debug|Any CPU
		{9B0C11D0-827F-4126-BE3F-106E718649F5}.Debug|Any CPU.Build.0 = Debug|Any CPU
		{9B0C11D0-827F-4126-BE3F-106E718649F5}.Release|Any CPU.ActiveCfg = Release|Any CPU
		{9B0C11D0-827F-4126-BE3F-106E718649F5}.Release|Any CPU.Build.0 = Release|Any CPU
		{ABD9F9A3-484D-485D-9378-7634CA8AF1AD}.Debug|Any CPU.ActiveCfg = Debug|Any CPU
		{ABD9F9A3-484D-485D-9378-7634CA8AF1AD}.Debug|Any CPU.Build.0 = Debug|Any CPU
		{ABD9F9A3-484D-485D-9378-7634CA8AF1AD}.Release|Any CPU.ActiveCfg = Release|Any CPU
		{ABD9F9A3-484D-485D-9378-7634CA8AF1AD}.Release|Any CPU.Build.0 = Release|Any CPU
		{C401E652-F7F8-4FBF-A930-83A228DBF192}.Debug|Any CPU.ActiveCfg = Debug|Any CPU
		{C401E652-F7F8-4FBF-A930-83A228DBF192}.Debug|Any CPU.Build.0 = Debug|Any CPU
		{C401E652-F7F8-4FBF-A930-83A228DBF192}.Release|Any CPU.ActiveCfg = Release|Any CPU
		{C401E652-F7F8-4FBF-A930-83A228DBF192}.Release|Any CPU.Build.0 = Release|Any CPU
	EndGlobalSection
	GlobalSection(SolutionProperties) = preSolution
		HideSolutionNode = FALSE
	EndGlobalSection
	GlobalSection(ExtensibilityGlobals) = postSolution
		SolutionGuid = {9E927615-0976-4ACE-991D-2A20E436921F}
	EndGlobalSection
EndGlobal
